{
  "name": "webgpu",
  "version": "1.0.0",
  "lockfileVersion": 3,
  "requires": true,
  "packages": {
    "": {
      "name": "webgpu",
      "version": "1.0.0",
      "license": "ISC",
      "dependencies": {
        "webgpu": "^0.1.16"
      }
    },
    "node_modules/webgpu": {
      "version": "0.1.16",
      "resolved": "https://repo1.core.hpecorp.net/nexus/content/groups/npm-all/webgpu/-/webgpu-0.1.16.tgz",
      "integrity": "sha512-KAXn/f8lnL8o4B718zzdfi1l0nEWQpuoWlC1L5WM/svAbeHjShCEI0l5ZcZBEEUm9FF3ZTgRjWk8iwbJfnGKTA==",
      "license": "MIT",
      "engines": {
        "node": ">= 13.0.0"
      }
    }
  }
}
